
Microsoft Visual Studio Solution File, Format Version 12.00
# Visual Studio Version 16
VisualStudioVersion = 16.0.31112.23
MinimumVisualStudioVersion = 10.0.40219.1
Project("{2150E333-8FDC-42A3-9474-1A3956D46DE8}") = "src", "src", "{E4FEC994-CA2B-4F93-8DAF-8EE8636AF1D8}"
EndProject
Project("{2150E333-8FDC-42A3-9474-1A3956D46DE8}") = "Services", "Services", "{0070C044-026C-47A2-AF0A-A36D7CDF15A5}"
EndProject
Project("{2150E333-8FDC-42A3-9474-1A3956D46DE8}") = "Web", "Web", "{DEF9111E-7DAE-4D77-98A5-D1E0172961AA}"
EndProject
Project("{2150E333-8FDC-42A3-9474-1A3956D46DE8}") = "BuildingBlocks", "BuildingBlocks", "{413AC668-C643-4181-9681-6050398912F0}"
EndProject
Project("{2150E333-8FDC-42A3-9474-1A3956D46DE8}") = "Identidade", "Identidade", "{6681538D-7CF6-46EE-A497-5ACDE300167A}"
EndProject
Project("{FAE04EC0-301F-11D3-BF4B-00C04F79EFBC}") = "NSE.Api.Identidade", "src\Services\NSE.Api.Identidade\NSE.Api.Identidade.csproj", "{B8DD3768-7E4D-4597-B2F1-0F8528204DA9}"
EndProject
Project("{2150E333-8FDC-42A3-9474-1A3956D46DE8}") = "MVC", "MVC", "{CC145F72-38F1-474F-91A5-8908D7C7920B}"
EndProject
Project("{FAE04EC0-301F-11D3-BF4B-00C04F79EFBC}") = "NSE.WebApp.MVC", "src\web\MVC\NSE.WebApp.MVC\NSE.WebApp.MVC.csproj", "{9E539073-27F6-4114-8D06-C2A7EC4BBC98}"
EndProject
Project("{2150E333-8FDC-42A3-9474-1A3956D46DE8}") = "Core", "Core", "{779F41D5-865C-4FC6-AEB6-E85A5D26BC08}"
EndProject
Project("{FAE04EC0-301F-11D3-BF4B-00C04F79EFBC}") = "NSE.Core", "src\BuildingBlocks\NSE.Core\NSE.Core.csproj", "{AFF46C94-203A-434F-BE0D-51FA3A14C321}"
EndProject
Project("{2150E333-8FDC-42A3-9474-1A3956D46DE8}") = "Carrinho", "Carrinho", "{2A6E5DE8-BC5C-4937-8447-10D55B4B25ED}"
EndProject
Project("{FAE04EC0-301F-11D3-BF4B-00C04F79EFBC}") = "NSE.Api.Carrinho", "src\Services\Carrinho\NSE.Api.Carrinho\NSE.Api.Carrinho.csproj", "{716B9BAA-90A0-4802-9FDE-774B7AD51DAB}"
EndProject
Project("{2150E333-8FDC-42A3-9474-1A3956D46DE8}") = "Catalogo", "Catalogo", "{37DC6904-9BFB-4A54-9195-D005418614E0}"
EndProject
Project("{FAE04EC0-301F-11D3-BF4B-00C04F79EFBC}") = "NSE.Api.Catalogo", "src\Services\Catalogo\NSE.Api.Catalogo\NSE.Api.Catalogo.csproj", "{9F552C7E-D172-486D-9A3F-18DA991B41C7}"
EndProject
Project("{2150E333-8FDC-42A3-9474-1A3956D46DE8}") = "Cliente", "Cliente", "{C8E18AFA-D8BE-4329-988B-35C1175FE02E}"
EndProject
Project("{FAE04EC0-301F-11D3-BF4B-00C04F79EFBC}") = "NSE.Api.Cliente", "src\Services\Cliente\NSE.Api.Cliente\NSE.Api.Cliente.csproj", "{65BE02E0-824D-42DE-9B2B-E11EF076C999}"
EndProject
Project("{2150E333-8FDC-42A3-9474-1A3956D46DE8}") = "Pagamento", "Pagamento", "{E40A4438-A0E5-4577-8A54-990DD1892686}"
EndProject
Project("{FAE04EC0-301F-11D3-BF4B-00C04F79EFBC}") = "NSE.APi.Pagamento", "src\Services\Pagamento\NSE.APi.Pagamento\NSE.APi.Pagamento.csproj", "{14419892-0AB5-4034-8AFB-00263528A14F}"
EndProject
Project("{2150E333-8FDC-42A3-9474-1A3956D46DE8}") = "Pedido", "Pedido", "{6095F96C-BDAE-47BC-916D-79924689A2F6}"
EndProject
Project("{FAE04EC0-301F-11D3-BF4B-00C04F79EFBC}") = "NSE.Api.Pedido", "src\Services\Pedido\NSE.Api.Pedido\NSE.Api.Pedido.csproj", "{8D7232CB-B029-436C-9C86-CBCEC193527F}"
EndProject
Global
	GlobalSection(SolutionConfigurationPlatforms) = preSolution
		Debug|Any CPU = Debug|Any CPU
		Release|Any CPU = Release|Any CPU
	EndGlobalSection
	GlobalSection(ProjectConfigurationPlatforms) = postSolution
		{B8DD3768-7E4D-4597-B2F1-0F8528204DA9}.Debug|Any CPU.ActiveCfg = Debug|Any CPU
		{B8DD3768-7E4D-4597-B2F1-0F8528204DA9}.Debug|Any CPU.Build.0 = Debug|Any CPU
		{B8DD3768-7E4D-4597-B2F1-0F8528204DA9}.Release|Any CPU.ActiveCfg = Release|Any CPU
		{B8DD3768-7E4D-4597-B2F1-0F8528204DA9}.Release|Any CPU.Build.0 = Release|Any CPU
		{9E539073-27F6-4114-8D06-C2A7EC4BBC98}.Debug|Any CPU.ActiveCfg = Debug|Any CPU
		{9E539073-27F6-4114-8D06-C2A7EC4BBC98}.Debug|Any CPU.Build.0 = Debug|Any CPU
		{9E539073-27F6-4114-8D06-C2A7EC4BBC98}.Release|Any CPU.ActiveCfg = Release|Any CPU
		{9E539073-27F6-4114-8D06-C2A7EC4BBC98}.Release|Any CPU.Build.0 = Release|Any CPU
		{AFF46C94-203A-434F-BE0D-51FA3A14C321}.Debug|Any CPU.ActiveCfg = Debug|Any CPU
		{AFF46C94-203A-434F-BE0D-51FA3A14C321}.Debug|Any CPU.Build.0 = Debug|Any CPU
		{AFF46C94-203A-434F-BE0D-51FA3A14C321}.Release|Any CPU.ActiveCfg = Release|Any CPU
		{AFF46C94-203A-434F-BE0D-51FA3A14C321}.Release|Any CPU.Build.0 = Release|Any CPU
		{716B9BAA-90A0-4802-9FDE-774B7AD51DAB}.Debug|Any CPU.ActiveCfg = Debug|Any CPU
		{716B9BAA-90A0-4802-9FDE-774B7AD51DAB}.Debug|Any CPU.Build.0 = Debug|Any CPU
		{716B9BAA-90A0-4802-9FDE-774B7AD51DAB}.Release|Any CPU.ActiveCfg = Release|Any CPU
		{716B9BAA-90A0-4802-9FDE-774B7AD51DAB}.Release|Any CPU.Build.0 = Release|Any CPU
		{9F552C7E-D172-486D-9A3F-18DA991B41C7}.Debug|Any CPU.ActiveCfg = Debug|Any CPU
		{9F552C7E-D172-486D-9A3F-18DA991B41C7}.Debug|Any CPU.Build.0 = Debug|Any CPU
		{9F552C7E-D172-486D-9A3F-18DA991B41C7}.Release|Any CPU.ActiveCfg = Release|Any CPU
		{9F552C7E-D172-486D-9A3F-18DA991B41C7}.Release|Any CPU.Build.0 = Release|Any CPU
		{65BE02E0-824D-42DE-9B2B-E11EF076C999}.Debug|Any CPU.ActiveCfg = Debug|Any CPU
		{65BE02E0-824D-42DE-9B2B-E11EF076C999}.Debug|Any CPU.Build.0 = Debug|Any CPU
		{65BE02E0-824D-42DE-9B2B-E11EF076C999}.Release|Any CPU.ActiveCfg = Release|Any CPU
		{65BE02E0-824D-42DE-9B2B-E11EF076C999}.Release|Any CPU.Build.0 = Release|Any CPU
		{14419892-0AB5-4034-8AFB-00263528A14F}.Debug|Any CPU.ActiveCfg = Debug|Any CPU
		{14419892-0AB5-4034-8AFB-00263528A14F}.Debug|Any CPU.Build.0 = Debug|Any CPU
		{14419892-0AB5-4034-8AFB-00263528A14F}.Release|Any CPU.ActiveCfg = Release|Any CPU
		{14419892-0AB5-4034-8AFB-00263528A14F}.Release|Any CPU.Build.0 = Release|Any CPU
		{8D7232CB-B029-436C-9C86-CBCEC193527F}.Debug|Any CPU.ActiveCfg = Debug|Any CPU
		{8D7232CB-B029-436C-9C86-CBCEC193527F}.Debug|Any CPU.Build.0 = Debug|Any CPU
		{8D7232CB-B029-436C-9C86-CBCEC193527F}.Release|Any CPU.ActiveCfg = Release|Any CPU
		{8D7232CB-B029-436C-9C86-CBCEC193527F}.Release|Any CPU.Build.0 = Release|Any CPU
	EndGlobalSection
	GlobalSection(SolutionProperties) = preSolution
		HideSolutionNode = FALSE
	EndGlobalSection
	GlobalSection(NestedProjects) = preSolution
		{0070C044-026C-47A2-AF0A-A36D7CDF15A5} = {E4FEC994-CA2B-4F93-8DAF-8EE8636AF1D8}
		{DEF9111E-7DAE-4D77-98A5-D1E0172961AA} = {E4FEC994-CA2B-4F93-8DAF-8EE8636AF1D8}
		{413AC668-C643-4181-9681-6050398912F0} = {E4FEC994-CA2B-4F93-8DAF-8EE8636AF1D8}
		{6681538D-7CF6-46EE-A497-5ACDE300167A} = {0070C044-026C-47A2-AF0A-A36D7CDF15A5}
		{B8DD3768-7E4D-4597-B2F1-0F8528204DA9} = {6681538D-7CF6-46EE-A497-5ACDE300167A}
		{CC145F72-38F1-474F-91A5-8908D7C7920B} = {DEF9111E-7DAE-4D77-98A5-D1E0172961AA}
		{9E539073-27F6-4114-8D06-C2A7EC4BBC98} = {CC145F72-38F1-474F-91A5-8908D7C7920B}
		{779F41D5-865C-4FC6-AEB6-E85A5D26BC08} = {413AC668-C643-4181-9681-6050398912F0}
		{AFF46C94-203A-434F-BE0D-51FA3A14C321} = {779F41D5-865C-4FC6-AEB6-E85A5D26BC08}
		{2A6E5DE8-BC5C-4937-8447-10D55B4B25ED} = {0070C044-026C-47A2-AF0A-A36D7CDF15A5}
		{716B9BAA-90A0-4802-9FDE-774B7AD51DAB} = {2A6E5DE8-BC5C-4937-8447-10D55B4B25ED}
		{37DC6904-9BFB-4A54-9195-D005418614E0} = {0070C044-026C-47A2-AF0A-A36D7CDF15A5}
		{9F552C7E-D172-486D-9A3F-18DA991B41C7} = {37DC6904-9BFB-4A54-9195-D005418614E0}
		{C8E18AFA-D8BE-4329-988B-35C1175FE02E} = {0070C044-026C-47A2-AF0A-A36D7CDF15A5}
		{65BE02E0-824D-42DE-9B2B-E11EF076C999} = {C8E18AFA-D8BE-4329-988B-35C1175FE02E}
		{E40A4438-A0E5-4577-8A54-990DD1892686} = {0070C044-026C-47A2-AF0A-A36D7CDF15A5}
		{14419892-0AB5-4034-8AFB-00263528A14F} = {E40A4438-A0E5-4577-8A54-990DD1892686}
		{6095F96C-BDAE-47BC-916D-79924689A2F6} = {0070C044-026C-47A2-AF0A-A36D7CDF15A5}
		{8D7232CB-B029-436C-9C86-CBCEC193527F} = {6095F96C-BDAE-47BC-916D-79924689A2F6}
	EndGlobalSection
	GlobalSection(ExtensibilityGlobals) = postSolution
		SolutionGuid = {49B0EDC1-6050-4151-8744-DA803D7DF54F}
	EndGlobalSection
EndGlobal
